
Microsoft Visual Studio Solution File, Format Version 12.00
# Visual Studio Version 16
VisualStudioVersion = 16.0.32106.194
MinimumVisualStudioVersion = 10.0.40219.1
Project("{FAE04EC0-301F-11D3-BF4B-00C04F79EFBC}") = "BuhUslAPI", "BuhUslAPI\BuhUslAPI.csproj", "{82228D7B-F4B0-4CED-A154-F0B2444B30AB}"
EndProject
Global
	GlobalSection(SolutionConfigurationPlatforms) = preSolution
		Debug|Any CPU = Debug|Any CPU
		Release|Any CPU = Release|Any CPU
	EndGlobalSection
	GlobalSection(ProjectConfigurationPlatforms) = postSolution
		{82228D7B-F4B0-4CED-A154-F0B2444B30AB}.Debug|Any CPU.ActiveCfg = Debug|Any CPU
		{82228D7B-F4B0-4CED-A154-F0B2444B30AB}.Debug|Any CPU.Build.0 = Debug|Any CPU
		{82228D7B-F4B0-4CED-A154-F0B2444B30AB}.Release|Any CPU.ActiveCfg = Release|Any CPU
		{82228D7B-F4B0-4CED-A154-F0B2444B30AB}.Release|Any CPU.Build.0 = Release|Any CPU
	EndGlobalSection
	GlobalSection(SolutionProperties) = preSolution
		HideSolutionNode = FALSE
	EndGlobalSection
	GlobalSection(ExtensibilityGlobals) = postSolution
		SolutionGuid = {84274242-402C-4DB0-9026-3D9914AF343E}
	EndGlobalSection
EndGlobal
